
Microsoft Visual Studio Solution File, Format Version 12.00
# Visual Studio Version 16
VisualStudioVersion = 16.0.31313.79
MinimumVisualStudioVersion = 10.0.40219.1
Project("{2150E333-8FDC-42A3-9474-1A3956D46DE8}") = "src", "src", "{38FB30C3-29B2-4916-966B-34FDA5BCD9E1}"
EndProject
Project("{2150E333-8FDC-42A3-9474-1A3956D46DE8}") = "Building Blocks", "Building Blocks", "{FC382ECC-DCA5-4CF4-981D-C025C8AF392F}"
EndProject
Project("{2150E333-8FDC-42A3-9474-1A3956D46DE8}") = "Services", "Services", "{7DDDDDBA-291F-4C60-B8D6-3864A046BF54}"
EndProject
Project("{2150E333-8FDC-42A3-9474-1A3956D46DE8}") = "Web", "Web", "{EB09D5AE-C9C4-4C36-B13A-1534A3FCDE2B}"
EndProject
Project("{2150E333-8FDC-42A3-9474-1A3956D46DE8}") = "Identidade", "Identidade", "{430BDEB3-FD99-4045-BE5D-4D4E0A089881}"
EndProject
Project("{FAE04EC0-301F-11D3-BF4B-00C04F79EFBC}") = "NSE.Identidade.API", "src\services\NSE.Identidade.API\NSE.Identidade.API.csproj", "{264DD2A3-4189-4702-BD72-448CB12E52CF}"
EndProject
Project("{FAE04EC0-301F-11D3-BF4B-00C04F79EFBC}") = "NSE.WebApp.MVC", "src\web\NSE.WebApp.MVC\NSE.WebApp.MVC.csproj", "{20157F0E-1E2B-45EE-85E7-7DBE23622183}"
EndProject
Project("{2150E333-8FDC-42A3-9474-1A3956D46DE8}") = "Core", "Core", "{3A6A0AC8-4B6F-47FB-9371-C820BA6EF6B1}"
EndProject
Project("{FAE04EC0-301F-11D3-BF4B-00C04F79EFBC}") = "NSE.Core", "src\building blocks\NSE.Core\NSE.Core.csproj", "{95DF3891-67EA-45F1-AD7A-DD7A30D77F9E}"
EndProject
Project("{2150E333-8FDC-42A3-9474-1A3956D46DE8}") = "Carrinho", "Carrinho", "{0BF0C10C-75CB-4A94-8E5F-9D4B348D60EA}"
EndProject
Project("{2150E333-8FDC-42A3-9474-1A3956D46DE8}") = "Catalogo", "Catalogo", "{3EE1749B-DED1-4CA6-8B2F-140E07218536}"
EndProject
Project("{2150E333-8FDC-42A3-9474-1A3956D46DE8}") = "Cliente", "Cliente", "{2860F9D9-C6A0-42F7-847E-A56DBF930E98}"
EndProject
Project("{2150E333-8FDC-42A3-9474-1A3956D46DE8}") = "Pagamento", "Pagamento", "{79CFE163-0EC0-4C40-AF55-52A8BCC3FEF9}"
EndProject
Project("{2150E333-8FDC-42A3-9474-1A3956D46DE8}") = "Pedido", "Pedido", "{B8C47896-D198-4C79-8104-0AFC62766B21}"
EndProject
Project("{FAE04EC0-301F-11D3-BF4B-00C04F79EFBC}") = "NSE.Carrinho.API", "src\services\NSE.Carrinho.API\NSE.Carrinho.API.csproj", "{DF7AC45A-C096-4219-AF37-6AB5510F8198}"
EndProject
Project("{FAE04EC0-301F-11D3-BF4B-00C04F79EFBC}") = "NSE.Catalogo.API", "src\services\NSE.Catalogo.API\NSE.Catalogo.API.csproj", "{F751F8DB-148E-4872-9450-0F8FBD838E40}"
EndProject
Project("{FAE04EC0-301F-11D3-BF4B-00C04F79EFBC}") = "NSE.Cliente.API", "src\services\NSE.Cliente.API\NSE.Cliente.API.csproj", "{C7F9B926-E711-4E11-9AFD-1C7618E521EA}"
EndProject
Project("{FAE04EC0-301F-11D3-BF4B-00C04F79EFBC}") = "NSE.Pagamento.API", "src\services\NSE.Pagamento.API\NSE.Pagamento.API.csproj", "{7A782B43-70B8-40E8-873B-312A2317C333}"
EndProject
Project("{FAE04EC0-301F-11D3-BF4B-00C04F79EFBC}") = "NSE.Pedido.API", "src\services\NSE.Pedido.API\NSE.Pedido.API.csproj", "{46404119-3B01-4C5E-80A7-856ED988781E}"
EndProject
Global
	GlobalSection(SolutionConfigurationPlatforms) = preSolution
		Debug|Any CPU = Debug|Any CPU
		Release|Any CPU = Release|Any CPU
	EndGlobalSection
	GlobalSection(ProjectConfigurationPlatforms) = postSolution
		{264DD2A3-4189-4702-BD72-448CB12E52CF}.Debug|Any CPU.ActiveCfg = Debug|Any CPU
		{264DD2A3-4189-4702-BD72-448CB12E52CF}.Debug|Any CPU.Build.0 = Debug|Any CPU
		{264DD2A3-4189-4702-BD72-448CB12E52CF}.Release|Any CPU.ActiveCfg = Release|Any CPU
		{264DD2A3-4189-4702-BD72-448CB12E52CF}.Release|Any CPU.Build.0 = Release|Any CPU
		{20157F0E-1E2B-45EE-85E7-7DBE23622183}.Debug|Any CPU.ActiveCfg = Debug|Any CPU
		{20157F0E-1E2B-45EE-85E7-7DBE23622183}.Debug|Any CPU.Build.0 = Debug|Any CPU
		{20157F0E-1E2B-45EE-85E7-7DBE23622183}.Release|Any CPU.ActiveCfg = Release|Any CPU
		{20157F0E-1E2B-45EE-85E7-7DBE23622183}.Release|Any CPU.Build.0 = Release|Any CPU
		{95DF3891-67EA-45F1-AD7A-DD7A30D77F9E}.Debug|Any CPU.ActiveCfg = Debug|Any CPU
		{95DF3891-67EA-45F1-AD7A-DD7A30D77F9E}.Debug|Any CPU.Build.0 = Debug|Any CPU
		{95DF3891-67EA-45F1-AD7A-DD7A30D77F9E}.Release|Any CPU.ActiveCfg = Release|Any CPU
		{95DF3891-67EA-45F1-AD7A-DD7A30D77F9E}.Release|Any CPU.Build.0 = Release|Any CPU
		{DF7AC45A-C096-4219-AF37-6AB5510F8198}.Debug|Any CPU.ActiveCfg = Debug|Any CPU
		{DF7AC45A-C096-4219-AF37-6AB5510F8198}.Debug|Any CPU.Build.0 = Debug|Any CPU
		{DF7AC45A-C096-4219-AF37-6AB5510F8198}.Release|Any CPU.ActiveCfg = Release|Any CPU
		{DF7AC45A-C096-4219-AF37-6AB5510F8198}.Release|Any CPU.Build.0 = Release|Any CPU
		{F751F8DB-148E-4872-9450-0F8FBD838E40}.Debug|Any CPU.ActiveCfg = Debug|Any CPU
		{F751F8DB-148E-4872-9450-0F8FBD838E40}.Debug|Any CPU.Build.0 = Debug|Any CPU
		{F751F8DB-148E-4872-9450-0F8FBD838E40}.Release|Any CPU.ActiveCfg = Release|Any CPU
		{F751F8DB-148E-4872-9450-0F8FBD838E40}.Release|Any CPU.Build.0 = Release|Any CPU
		{C7F9B926-E711-4E11-9AFD-1C7618E521EA}.Debug|Any CPU.ActiveCfg = Debug|Any CPU
		{C7F9B926-E711-4E11-9AFD-1C7618E521EA}.Debug|Any CPU.Build.0 = Debug|Any CPU
		{C7F9B926-E711-4E11-9AFD-1C7618E521EA}.Release|Any CPU.ActiveCfg = Release|Any CPU
		{C7F9B926-E711-4E11-9AFD-1C7618E521EA}.Release|Any CPU.Build.0 = Release|Any CPU
		{7A782B43-70B8-40E8-873B-312A2317C333}.Debug|Any CPU.ActiveCfg = Debug|Any CPU
		{7A782B43-70B8-40E8-873B-312A2317C333}.Debug|Any CPU.Build.0 = Debug|Any CPU
		{7A782B43-70B8-40E8-873B-312A2317C333}.Release|Any CPU.ActiveCfg = Release|Any CPU
		{7A782B43-70B8-40E8-873B-312A2317C333}.Release|Any CPU.Build.0 = Release|Any CPU
		{46404119-3B01-4C5E-80A7-856ED988781E}.Debug|Any CPU.ActiveCfg = Debug|Any CPU
		{46404119-3B01-4C5E-80A7-856ED988781E}.Debug|Any CPU.Build.0 = Debug|Any CPU
		{46404119-3B01-4C5E-80A7-856ED988781E}.Release|Any CPU.ActiveCfg = Release|Any CPU
		{46404119-3B01-4C5E-80A7-856ED988781E}.Release|Any CPU.Build.0 = Release|Any CPU
	EndGlobalSection
	GlobalSection(SolutionProperties) = preSolution
		HideSolutionNode = FALSE
	EndGlobalSection
	GlobalSection(NestedProjects) = preSolution
		{FC382ECC-DCA5-4CF4-981D-C025C8AF392F} = {38FB30C3-29B2-4916-966B-34FDA5BCD9E1}
		{7DDDDDBA-291F-4C60-B8D6-3864A046BF54} = {38FB30C3-29B2-4916-966B-34FDA5BCD9E1}
		{EB09D5AE-C9C4-4C36-B13A-1534A3FCDE2B} = {38FB30C3-29B2-4916-966B-34FDA5BCD9E1}
		{430BDEB3-FD99-4045-BE5D-4D4E0A089881} = {7DDDDDBA-291F-4C60-B8D6-3864A046BF54}
		{264DD2A3-4189-4702-BD72-448CB12E52CF} = {430BDEB3-FD99-4045-BE5D-4D4E0A089881}
		{20157F0E-1E2B-45EE-85E7-7DBE23622183} = {EB09D5AE-C9C4-4C36-B13A-1534A3FCDE2B}
		{3A6A0AC8-4B6F-47FB-9371-C820BA6EF6B1} = {FC382ECC-DCA5-4CF4-981D-C025C8AF392F}
		{95DF3891-67EA-45F1-AD7A-DD7A30D77F9E} = {3A6A0AC8-4B6F-47FB-9371-C820BA6EF6B1}
		{0BF0C10C-75CB-4A94-8E5F-9D4B348D60EA} = {7DDDDDBA-291F-4C60-B8D6-3864A046BF54}
		{3EE1749B-DED1-4CA6-8B2F-140E07218536} = {7DDDDDBA-291F-4C60-B8D6-3864A046BF54}
		{2860F9D9-C6A0-42F7-847E-A56DBF930E98} = {7DDDDDBA-291F-4C60-B8D6-3864A046BF54}
		{79CFE163-0EC0-4C40-AF55-52A8BCC3FEF9} = {7DDDDDBA-291F-4C60-B8D6-3864A046BF54}
		{B8C47896-D198-4C79-8104-0AFC62766B21} = {7DDDDDBA-291F-4C60-B8D6-3864A046BF54}
		{DF7AC45A-C096-4219-AF37-6AB5510F8198} = {0BF0C10C-75CB-4A94-8E5F-9D4B348D60EA}
		{F751F8DB-148E-4872-9450-0F8FBD838E40} = {3EE1749B-DED1-4CA6-8B2F-140E07218536}
		{C7F9B926-E711-4E11-9AFD-1C7618E521EA} = {2860F9D9-C6A0-42F7-847E-A56DBF930E98}
		{7A782B43-70B8-40E8-873B-312A2317C333} = {79CFE163-0EC0-4C40-AF55-52A8BCC3FEF9}
		{46404119-3B01-4C5E-80A7-856ED988781E} = {B8C47896-D198-4C79-8104-0AFC62766B21}
	EndGlobalSection
	GlobalSection(ExtensibilityGlobals) = postSolution
		SolutionGuid = {CCB5EDFF-8575-436E-B2AB-9616CDAE9B20}
	EndGlobalSection
EndGlobal
